
Microsoft Visual Studio Solution File, Format Version 12.00
# Visual Studio Version 17
VisualStudioVersion = 17.6.33815.320
MinimumVisualStudioVersion = 10.0.40219.1
Project("{9A19103F-16F7-4668-BE54-9A1E7A4F7556}") = "Geometry", "Geometry\Geometry.csproj", "{C0AFA998-6445-40C7-8515-CB25EF64BEFC}"
EndProject
Project("{9A19103F-16F7-4668-BE54-9A1E7A4F7556}") = "ConsoleApp", "ConsoleApp\ConsoleApp.csproj", "{6FB08BDF-7F7A-4DF3-8965-E966578619C2}"
	ProjectSection(ProjectDependencies) = postProject
		{C0AFA998-6445-40C7-8515-CB25EF64BEFC} = {C0AFA998-6445-40C7-8515-CB25EF64BEFC}
	EndProjectSection
EndProject
Project("{9A19103F-16F7-4668-BE54-9A1E7A4F7556}") = "Geometry.Tests", "GeometryCalculator.Tests\Geometry.Tests.csproj", "{5FC8105C-6190-423C-A8EF-3B23363A2800}"
EndProject
Global
	GlobalSection(SolutionConfigurationPlatforms) = preSolution
		Debug|Any CPU = Debug|Any CPU
		Release|Any CPU = Release|Any CPU
	EndGlobalSection
	GlobalSection(ProjectConfigurationPlatforms) = postSolution
		{C0AFA998-6445-40C7-8515-CB25EF64BEFC}.Debug|Any CPU.ActiveCfg = Debug|Any CPU
		{C0AFA998-6445-40C7-8515-CB25EF64BEFC}.Debug|Any CPU.Build.0 = Debug|Any CPU
		{C0AFA998-6445-40C7-8515-CB25EF64BEFC}.Release|Any CPU.ActiveCfg = Release|Any CPU
		{C0AFA998-6445-40C7-8515-CB25EF64BEFC}.Release|Any CPU.Build.0 = Release|Any CPU
		{6FB08BDF-7F7A-4DF3-8965-E966578619C2}.Debug|Any CPU.ActiveCfg = Debug|Any CPU
		{6FB08BDF-7F7A-4DF3-8965-E966578619C2}.Debug|Any CPU.Build.0 = Debug|Any CPU
		{6FB08BDF-7F7A-4DF3-8965-E966578619C2}.Release|Any CPU.ActiveCfg = Release|Any CPU
		{6FB08BDF-7F7A-4DF3-8965-E966578619C2}.Release|Any CPU.Build.0 = Release|Any CPU
		{5FC8105C-6190-423C-A8EF-3B23363A2800}.Debug|Any CPU.ActiveCfg = Debug|Any CPU
		{5FC8105C-6190-423C-A8EF-3B23363A2800}.Debug|Any CPU.Build.0 = Debug|Any CPU
		{5FC8105C-6190-423C-A8EF-3B23363A2800}.Release|Any CPU.ActiveCfg = Release|Any CPU
		{5FC8105C-6190-423C-A8EF-3B23363A2800}.Release|Any CPU.Build.0 = Release|Any CPU
	EndGlobalSection
	GlobalSection(SolutionProperties) = preSolution
		HideSolutionNode = FALSE
	EndGlobalSection
	GlobalSection(ExtensibilityGlobals) = postSolution
		SolutionGuid = {78781A39-52B2-4F25-ABFC-939ADBB7641C}
	EndGlobalSection
EndGlobal
